
Microsoft Visual Studio Solution File, Format Version 12.00
# Visual Studio Version 16
VisualStudioVersion = 16.0.30204.135
MinimumVisualStudioVersion = 10.0.40219.1
Project("{FAE04EC0-301F-11D3-BF4B-00C04F79EFBC}") = "GOT-Server", "GOT-Server.csproj", "{FA90DAA6-EA4C-4B58-8706-81DA53443E87}"
EndProject
Global
	GlobalSection(SolutionConfigurationPlatforms) = preSolution
		Debug|Any CPU = Debug|Any CPU
		Release|Any CPU = Release|Any CPU
	EndGlobalSection
	GlobalSection(ProjectConfigurationPlatforms) = postSolution
		{FA90DAA6-EA4C-4B58-8706-81DA53443E87}.Debug|Any CPU.ActiveCfg = Debug|Any CPU
		{FA90DAA6-EA4C-4B58-8706-81DA53443E87}.Debug|Any CPU.Build.0 = Debug|Any CPU
		{FA90DAA6-EA4C-4B58-8706-81DA53443E87}.Release|Any CPU.ActiveCfg = Release|Any CPU
		{FA90DAA6-EA4C-4B58-8706-81DA53443E87}.Release|Any CPU.Build.0 = Release|Any CPU
	EndGlobalSection
	GlobalSection(SolutionProperties) = preSolution
		HideSolutionNode = FALSE
	EndGlobalSection
	GlobalSection(ExtensibilityGlobals) = postSolution
		SolutionGuid = {EA16044E-0069-4276-9898-8682572A5A77}
	EndGlobalSection
EndGlobal
