
Microsoft Visual Studio Solution File, Format Version 12.00
# Visual Studio Version 16
VisualStudioVersion = 16.0.30309.148
MinimumVisualStudioVersion = 10.0.40219.1
Project("{FAE04EC0-301F-11D3-BF4B-00C04F79EFBC}") = "HuffmanCompres", "HuffmanCompres\HuffmanCompres.csproj", "{17481D80-79ED-40A4-B377-7B66A24C6065}"
EndProject
Global
	GlobalSection(SolutionConfigurationPlatforms) = preSolution
		Debug|Any CPU = Debug|Any CPU
		Release|Any CPU = Release|Any CPU
	EndGlobalSection
	GlobalSection(ProjectConfigurationPlatforms) = postSolution
		{17481D80-79ED-40A4-B377-7B66A24C6065}.Debug|Any CPU.ActiveCfg = Debug|Any CPU
		{17481D80-79ED-40A4-B377-7B66A24C6065}.Debug|Any CPU.Build.0 = Debug|Any CPU
		{17481D80-79ED-40A4-B377-7B66A24C6065}.Release|Any CPU.ActiveCfg = Release|Any CPU
		{17481D80-79ED-40A4-B377-7B66A24C6065}.Release|Any CPU.Build.0 = Release|Any CPU
	EndGlobalSection
	GlobalSection(SolutionProperties) = preSolution
		HideSolutionNode = FALSE
	EndGlobalSection
	GlobalSection(ExtensibilityGlobals) = postSolution
		SolutionGuid = {96E5E7CC-915B-437E-8929-CA0BD8526E54}
	EndGlobalSection
EndGlobal
